// !$*UTF8*$!
{
	archiveVersion = 1;
	classes = {
	};
	objectVersion = 56;
	objects = {

/* Begin PBXBuildFile section */
		E2D6FE602A1D28DF000E6BD9 /* Game_To_be_namedApp.swift in Sources */ = {isa = PBXBuildFile; fileRef = E2D6FE5F2A1D28DF000E6BD9 /* Game_To_be_namedApp.swift */; };
		E2D6FE622A1D28DF000E6BD9 /* ContentView.swift in Sources */ = {isa = PBXBuildFile; fileRef = E2D6FE612A1D28DF000E6BD9 /* ContentView.swift */; };
		E2D6FE642A1D28E0000E6BD9 /* Assets.xcassets in Resources */ = {isa = PBXBuildFile; fileRef = E2D6FE632A1D28E0000E6BD9 /* Assets.xcassets */; };
		E2D6FE672A1D28E0000E6BD9 /* Preview Assets.xcassets in Resources */ = {isa = PBXBuildFile; fileRef = E2D6FE662A1D28E0000E6BD9 /* Preview Assets.xcassets */; };
		E2D6FE712A1D28E0000E6BD9 /* Game_To_be_namedTests.swift in Sources */ = {isa = PBXBuildFile; fileRef = E2D6FE702A1D28E0000E6BD9 /* Game_To_be_namedTests.swift */; };
		E2D6FE7B2A1D28E0000E6BD9 /* Game_To_be_namedUITests.swift in Sources */ = {isa = PBXBuildFile; fileRef = E2D6FE7A2A1D28E0000E6BD9 /* Game_To_be_namedUITests.swift */; };
		E2D6FE7D2A1D28E0000E6BD9 /* Game_To_be_namedUITestsLaunchTests.swift in Sources */ = {isa = PBXBuildFile; fileRef = E2D6FE7C2A1D28E0000E6BD9 /* Game_To_be_namedUITestsLaunchTests.swift */; };
/* End PBXBuildFile section */

/* Begin PBXContainerItemProxy section */
		E2D6FE6D2A1D28E0000E6BD9 /* PBXContainerItemProxy */ = {
			isa = PBXContainerItemProxy;
			containerPortal = E2D6FE542A1D28DF000E6BD9 /* Project object */;
			proxyType = 1;
			remoteGlobalIDString = E2D6FE5B2A1D28DF000E6BD9;
			remoteInfo = "Game To be named";
		};
		E2D6FE772A1D28E0000E6BD9 /* PBXContainerItemProxy */ = {
			isa = PBXContainerItemProxy;
			containerPortal = E2D6FE542A1D28DF000E6BD9 /* Project object */;
			proxyType = 1;
			remoteGlobalIDString = E2D6FE5B2A1D28DF000E6BD9;
			remoteInfo = "Game To be named";
		};
/* End PBXContainerItemProxy section */

/* Begin PBXFileReference section */
		E2D6FE5C2A1D28DF000E6BD9 /* Game To be named.app */ = {isa = PBXFileReference; explicitFileType = wrapper.application; includeInIndex = 0; path = "Game To be named.app"; sourceTree = BUILT_PRODUCTS_DIR; };
		E2D6FE5F2A1D28DF000E6BD9 /* Game_To_be_namedApp.swift */ = {isa = PBXFileReference; lastKnownFileType = sourcecode.swift; path = Game_To_be_namedApp.swift; sourceTree = "<group>"; };
		E2D6FE612A1D28DF000E6BD9 /* ContentView.swift */ = {isa = PBXFileReference; lastKnownFileType = sourcecode.swift; path = ContentView.swift; sourceTree = "<group>"; };
		E2D6FE632A1D28E0000E6BD9 /* Assets.xcassets */ = {isa = PBXFileReference; lastKnownFileType = folder.assetcatalog; path = Assets.xcassets; sourceTree = "<group>"; };
		E2D6FE662A1D28E0000E6BD9 /* Preview Assets.xcassets */ = {isa = PBXFileReference; lastKnownFileType = folder.assetcatalog; path = "Preview Assets.xcassets"; sourceTree = "<group>"; };
		E2D6FE6C2A1D28E0000E6BD9 /* Game To be namedTests.xctest */ = {isa = PBXFileReference; explicitFileType = wrapper.cfbundle; includeInIndex = 0; path = "Game To be namedTests.xctest"; sourceTree = BUILT_PRODUCTS_DIR; };
		E2D6FE702A1D28E0000E6BD9 /* Game_To_be_namedTests.swift */ = {isa = PBXFileReference; lastKnownFileType = sourcecode.swift; path = Game_To_be_namedTests.swift; sourceTree = "<group>"; };
		E2D6FE762A1D28E0000E6BD9 /* Game To be namedUITests.xctest */ = {isa = PBXFileReference; explicitFileType = wrapper.cfbundle; includeInIndex = 0; path = "Game To be namedUITests.xctest"; sourceTree = BUILT_PRODUCTS_DIR; };
		E2D6FE7A2A1D28E0000E6BD9 /* Game_To_be_namedUITests.swift */ = {isa = PBXFileReference; lastKnownFileType = sourcecode.swift; path = Game_To_be_namedUITests.swift; sourceTree = "<group>"; };
		E2D6FE7C2A1D28E0000E6BD9 /* Game_To_be_namedUITestsLaunchTests.swift */ = {isa = PBXFileReference; lastKnownFileType = sourcecode.swift; path = Game_To_be_namedUITestsLaunchTests.swift; sourceTree = "<group>"; };
/* End PBXFileReference section */

/* Begin PBXFrameworksBuildPhase section */
		E2D6FE592A1D28DF000E6BD9 /* Frameworks */ = {
			isa = PBXFrameworksBuildPhase;
			buildActionMask = 2147483647;
			files = (
			);
			runOnlyForDeploymentPostprocessing = 0;
		};
		E2D6FE692A1D28E0000E6BD9 /* Frameworks */ = {
			isa = PBXFrameworksBuildPhase;
			buildActionMask = 2147483647;
			files = (
			);
			runOnlyForDeploymentPostprocessing = 0;
		};
		E2D6FE732A1D28E0000E6BD9 /* Frameworks */ = {
			isa = PBXFrameworksBuildPhase;
			buildActionMask = 2147483647;
			files = (
			);
			runOnlyForDeploymentPostprocessing = 0;
		};
/* End PBXFrameworksBuildPhase section */

/* Begin PBXGroup section */
		E2D6FE532A1D28DF000E6BD9 = {
			isa = PBXGroup;
			children = (
				E2D6FE5E2A1D28DF000E6BD9 /* Game To be named */,
				E2D6FE6F2A1D28E0000E6BD9 /* Game To be namedTests */,
				E2D6FE792A1D28E0000E6BD9 /* Game To be namedUITests */,
				E2D6FE5D2A1D28DF000E6BD9 /* Products */,
			);
			sourceTree = "<group>";
		};
		E2D6FE5D2A1D28DF000E6BD9 /* Products */ = {
			isa = PBXGroup;
			children = (
				E2D6FE5C2A1D28DF000E6BD9 /* Game To be named.app */,
				E2D6FE6C2A1D28E0000E6BD9 /* Game To be namedTests.xctest */,
				E2D6FE762A1D28E0000E6BD9 /* Game To be namedUITests.xctest */,
			);
			name = Products;
			sourceTree = "<group>";
		};
		E2D6FE5E2A1D28DF000E6BD9 /* Game To be named */ = {
			isa = PBXGroup;
			children = (
				E2D6FE5F2A1D28DF000E6BD9 /* Game_To_be_namedApp.swift */,
				E2D6FE612A1D28DF000E6BD9 /* ContentView.swift */,
				E2D6FE632A1D28E0000E6BD9 /* Assets.xcassets */,
				E2D6FE652A1D28E0000E6BD9 /* Preview Content */,
			);
			path = "Game To be named";
			sourceTree = "<group>";
		};
		E2D6FE652A1D28E0000E6BD9 /* Preview Content */ = {
			isa = PBXGroup;
			children = (
				E2D6FE662A1D28E0000E6BD9 /* Preview Assets.xcassets */,
			);
			path = "Preview Content";
			sourceTree = "<group>";
		};
		E2D6FE6F2A1D28E0000E6BD9 /* Game To be namedTests */ = {
			isa = PBXGroup;
			children = (
				E2D6FE702A1D28E0000E6BD9 /* Game_To_be_namedTests.swift */,
			);
			path = "Game To be namedTests";
			sourceTree = "<group>";
		};
		E2D6FE792A1D28E0000E6BD9 /* Game To be namedUITests */ = {
			isa = PBXGroup;
			children = (
				E2D6FE7A2A1D28E0000E6BD9 /* Game_To_be_namedUITests.swift */,
				E2D6FE7C2A1D28E0000E6BD9 /* Game_To_be_namedUITestsLaunchTests.swift */,
			);
			path = "Game To be namedUITests";
			sourceTree = "<group>";
		};
/* End PBXGroup section */

/* Begin PBXNativeTarget section */
		E2D6FE5B2A1D28DF000E6BD9 /* Game To be named */ = {
			isa = PBXNativeTarget;
			buildConfigurationList = E2D6FE802A1D28E0000E6BD9 /* Build configuration list for PBXNativeTarget "Game To be named" */;
			buildPhases = (
				E2D6FE582A1D28DF000E6BD9 /* Sources */,
				E2D6FE592A1D28DF000E6BD9 /* Frameworks */,
				E2D6FE5A2A1D28DF000E6BD9 /* Resources */,
			);
			buildRules = (
			);
			dependencies = (
			);
			name = "Game To be named";
			productName = "Game To be named";
			productReference = E2D6FE5C2A1D28DF000E6BD9 /* Game To be named.app */;
			productType = "com.apple.product-type.application";
		};
		E2D6FE6B2A1D28E0000E6BD9 /* Game To be namedTests */ = {
			isa = PBXNativeTarget;
			buildConfigurationList = E2D6FE832A1D28E0000E6BD9 /* Build configuration list for PBXNativeTarget "Game To be namedTests" */;
			buildPhases = (
				E2D6FE682A1D28E0000E6BD9 /* Sources */,
				E2D6FE692A1D28E0000E6BD9 /* Frameworks */,
				E2D6FE6A2A1D28E0000E6BD9 /* Resources */,
			);
			buildRules = (
			);
			dependencies = (
				E2D6FE6E2A1D28E0000E6BD9 /* PBXTargetDependency */,
			);
			name = "Game To be namedTests";
			productName = "Game To be namedTests";
			productReference = E2D6FE6C2A1D28E0000E6BD9 /* Game To be namedTests.xctest */;
			productType = "com.apple.product-type.bundle.unit-test";
		};
		E2D6FE752A1D28E0000E6BD9 /* Game To be namedUITests */ = {
			isa = PBXNativeTarget;
			buildConfigurationList = E2D6FE862A1D28E0000E6BD9 /* Build configuration list for PBXNativeTarget "Game To be namedUITests" */;
			buildPhases = (
				E2D6FE722A1D28E0000E6BD9 /* Sources */,
				E2D6FE732A1D28E0000E6BD9 /* Frameworks */,
				E2D6FE742A1D28E0000E6BD9 /* Resources */,
			);
			buildRules = (
			);
			dependencies = (
				E2D6FE782A1D28E0000E6BD9 /* PBXTargetDependency */,
			);
			name = "Game To be namedUITests";
			productName = "Game To be namedUITests";
			productReference = E2D6FE762A1D28E0000E6BD9 /* Game To be namedUITests.xctest */;
			productType = "com.apple.product-type.bundle.ui-testing";
		};
/* End PBXNativeTarget section */

/* Begin PBXProject section */
		E2D6FE542A1D28DF000E6BD9 /* Project object */ = {
			isa = PBXProject;
			attributes = {
				BuildIndependentTargetsInParallel = 1;
				LastSwiftUpdateCheck = 1430;
				LastUpgradeCheck = 1430;
				TargetAttributes = {
					E2D6FE5B2A1D28DF000E6BD9 = {
						CreatedOnToolsVersion = 14.3;
					};
					E2D6FE6B2A1D28E0000E6BD9 = {
						CreatedOnToolsVersion = 14.3;
						TestTargetID = E2D6FE5B2A1D28DF000E6BD9;
					};
					E2D6FE752A1D28E0000E6BD9 = {
						CreatedOnToolsVersion = 14.3;
						TestTargetID = E2D6FE5B2A1D28DF000E6BD9;
					};
				};
			};
			buildConfigurationList = E2D6FE572A1D28DF000E6BD9 /* Build configuration list for PBXProject "Game To be named" */;
			compatibilityVersion = "Xcode 14.0";
			developmentRegion = en;
			hasScannedForEncodings = 0;
			knownRegions = (
				en,
				Base,
			);
			mainGroup = E2D6FE532A1D28DF000E6BD9;
			productRefGroup = E2D6FE5D2A1D28DF000E6BD9 /* Products */;
			projectDirPath = "";
			projectRoot = "";
			targets = (
				E2D6FE5B2A1D28DF000E6BD9 /* Game To be named */,
				E2D6FE6B2A1D28E0000E6BD9 /* Game To be namedTests */,
				E2D6FE752A1D28E0000E6BD9 /* Game To be namedUITests */,
			);
		};
/* End PBXProject section */

/* Begin PBXResourcesBuildPhase section */
		E2D6FE5A2A1D28DF000E6BD9 /* Resources */ = {
			isa = PBXResourcesBuildPhase;
			buildActionMask = 2147483647;
			files = (
				E2D6FE672A1D28E0000E6BD9 /* Preview Assets.xcassets in Resources */,
				E2D6FE642A1D28E0000E6BD9 /* Assets.xcassets in Resources */,
			);
			runOnlyForDeploymentPostprocessing = 0;
		};
		E2D6FE6A2A1D28E0000E6BD9 /* Resources */ = {
			isa = PBXResourcesBuildPhase;
			buildActionMask = 2147483647;
			files = (
			);
			runOnlyForDeploymentPostprocessing = 0;
		};
		E2D6FE742A1D28E0000E6BD9 /* Resources */ = {
			isa = PBXResourcesBuildPhase;
			buildActionMask = 2147483647;
			files = (
			);
			runOnlyForDeploymentPostprocessing = 0;
		};
/* End PBXResourcesBuildPhase section */

/* Begin PBXSourcesBuildPhase section */
		E2D6FE582A1D28DF000E6BD9 /* Sources */ = {
			isa = PBXSourcesBuildPhase;
			buildActionMask = 2147483647;
			files = (
				E2D6FE622A1D28DF000E6BD9 /* ContentView.swift in Sources */,
				E2D6FE602A1D28DF000E6BD9 /* Game_To_be_namedApp.swift in Sources */,
			);
			runOnlyForDeploymentPostprocessing = 0;
		};
		E2D6FE682A1D28E0000E6BD9 /* Sources */ = {
			isa = PBXSourcesBuildPhase;
			buildActionMask = 2147483647;
			files = (
				E2D6FE712A1D28E0000E6BD9 /* Game_To_be_namedTests.swift in Sources */,
			);
			runOnlyForDeploymentPostprocessing = 0;
		};
		E2D6FE722A1D28E0000E6BD9 /* Sources */ = {
			isa = PBXSourcesBuildPhase;
			buildActionMask = 2147483647;
			files = (
				E2D6FE7D2A1D28E0000E6BD9 /* Game_To_be_namedUITestsLaunchTests.swift in Sources */,
				E2D6FE7B2A1D28E0000E6BD9 /* Game_To_be_namedUITests.swift in Sources */,
			);
			runOnlyForDeploymentPostprocessing = 0;
		};
/* End PBXSourcesBuildPhase section */

/* Begin PBXTargetDependency section */
		E2D6FE6E2A1D28E0000E6BD9 /* PBXTargetDependency */ = {
			isa = PBXTargetDependency;
			target = E2D6FE5B2A1D28DF000E6BD9 /* Game To be named */;
			targetProxy = E2D6FE6D2A1D28E0000E6BD9 /* PBXContainerItemProxy */;
		};
		E2D6FE782A1D28E0000E6BD9 /* PBXTargetDependency */ = {
			isa = PBXTargetDependency;
			target = E2D6FE5B2A1D28DF000E6BD9 /* Game To be named */;
			targetProxy = E2D6FE772A1D28E0000E6BD9 /* PBXContainerItemProxy */;
		};
/* End PBXTargetDependency section */

/* Begin XCBuildConfiguration section */
		E2D6FE7E2A1D28E0000E6BD9 /* Debug */ = {
			isa = XCBuildConfiguration;
			buildSettings = {
				ALWAYS_SEARCH_USER_PATHS = NO;
				CLANG_ANALYZER_NONNULL = YES;
				CLANG_ANALYZER_NUMBER_OBJECT_CONVERSION = YES_AGGRESSIVE;
				CLANG_CXX_LANGUAGE_STANDARD = "gnu++20";
				CLANG_ENABLE_MODULES = YES;
				CLANG_ENABLE_OBJC_ARC = YES;
				CLANG_ENABLE_OBJC_WEAK = YES;
				CLANG_WARN_BLOCK_CAPTURE_AUTORELEASING = YES;
				CLANG_WARN_BOOL_CONVERSION = YES;
				CLANG_WARN_COMMA = YES;
				CLANG_WARN_CONSTANT_CONVERSION = YES;
				CLANG_WARN_DEPRECATED_OBJC_IMPLEMENTATIONS = YES;
				CLANG_WARN_DIRECT_OBJC_ISA_USAGE = YES_ERROR;
				CLANG_WARN_DOCUMENTATION_COMMENTS = YES;
				CLANG_WARN_EMPTY_BODY = YES;
				CLANG_WARN_ENUM_CONVERSION = YES;
				CLANG_WARN_INFINITE_RECURSION = YES;
				CLANG_WARN_INT_CONVERSION = YES;
				CLANG_WARN_NON_LITERAL_NULL_CONVERSION = YES;
				CLANG_WARN_OBJC_IMPLICIT_RETAIN_SELF = YES;
				CLANG_WARN_OBJC_LITERAL_CONVERSION = YES;
				CLANG_WARN_OBJC_ROOT_CLASS = YES_ERROR;
				CLANG_WARN_QUOTED_INCLUDE_IN_FRAMEWORK_HEADER = YES;
				CLANG_WARN_RANGE_LOOP_ANALYSIS = YES;
				CLANG_WARN_STRICT_PROTOTYPES = YES;
				CLANG_WARN_SUSPICIOUS_MOVE = YES;
				CLANG_WARN_UNGUARDED_AVAILABILITY = YES_AGGRESSIVE;
				CLANG_WARN_UNREACHABLE_CODE = YES;
				CLANG_WARN__DUPLICATE_METHOD_MATCH = YES;
				COPY_PHASE_STRIP = NO;
				DEBUG_INFORMATION_FORMAT = dwarf;
				ENABLE_STRICT_OBJC_MSGSEND = YES;
				ENABLE_TESTABILITY = YES;
				GCC_C_LANGUAGE_STANDARD = gnu11;
				GCC_DYNAMIC_NO_PIC = NO;
				GCC_NO_COMMON_BLOCKS = YES;
				GCC_OPTIMIZATION_LEVEL = 0;
				GCC_PREPROCESSOR_DEFINITIONS = (
					"DEBUG=1",
					"$(inherited)",
				);
				GCC_WARN_64_TO_32_BIT_CONVERSION = YES;
				GCC_WARN_ABOUT_RETURN_TYPE = YES_ERROR;
				GCC_WARN_UNDECLARED_SELECTOR = YES;
				GCC_WARN_UNINITIALIZED_AUTOS = YES_AGGRESSIVE;
				GCC_WARN_UNUSED_FUNCTION = YES;
				GCC_WARN_UNUSED_VARIABLE = YES;
				IPHONEOS_DEPLOYMENT_TARGET = 16.4;
				MTL_ENABLE_DEBUG_INFO = INCLUDE_SOURCE;
				MTL_FAST_MATH = YES;
				ONLY_ACTIVE_ARCH = YES;
				SDKROOT = iphoneos;
				SWIFT_ACTIVE_COMPILATION_CONDITIONS = DEBUG;
				SWIFT_OPTIMIZATION_LEVEL = "-Onone";
			};
			name = Debug;
		};
		E2D6FE7F2A1D28E0000E6BD9 /* Release */ = {
			isa = XCBuildConfiguration;
			buildSettings = {
				ALWAYS_SEARCH_USER_PATHS = NO;
				CLANG_ANALYZER_NONNULL = YES;
				CLANG_ANALYZER_NUMBER_OBJECT_CONVERSION = YES_AGGRESSIVE;
				CLANG_CXX_LANGUAGE_STANDARD = "gnu++20";
				CLANG_ENABLE_MODULES = YES;
				CLANG_ENABLE_OBJC_ARC = YES;
				CLANG_ENABLE_OBJC_WEAK = YES;
				CLANG_WARN_BLOCK_CAPTURE_AUTORELEASING = YES;
				CLANG_WARN_BOOL_CONVERSION = YES;
				CLANG_WARN_COMMA = YES;
				CLANG_WARN_CONSTANT_CONVERSION = YES;
				CLANG_WARN_DEPRECATED_OBJC_IMPLEMENTATIONS = YES;
				CLANG_WARN_DIRECT_OBJC_ISA_USAGE = YES_ERROR;
				CLANG_WARN_DOCUMENTATION_COMMENTS = YES;
				CLANG_WARN_EMPTY_BODY = YES;
				CLANG_WARN_ENUM_CONVERSION = YES;
				CLANG_WARN_INFINITE_RECURSION = YES;
				CLANG_WARN_INT_CONVERSION = YES;
				CLANG_WARN_NON_LITERAL_NULL_CONVERSION = YES;
				CLANG_WARN_OBJC_IMPLICIT_RETAIN_SELF = YES;
				CLANG_WARN_OBJC_LITERAL_CONVERSION = YES;
				CLANG_WARN_OBJC_ROOT_CLASS = YES_ERROR;
				CLANG_WARN_QUOTED_INCLUDE_IN_FRAMEWORK_HEADER = YES;
				CLANG_WARN_RANGE_LOOP_ANALYSIS = YES;
				CLANG_WARN_STRICT_PROTOTYPES = YES;
				CLANG_WARN_SUSPICIOUS_MOVE = YES;
				CLANG_WARN_UNGUARDED_AVAILABILITY = YES_AGGRESSIVE;
				CLANG_WARN_UNREACHABLE_CODE = YES;
				CLANG_WARN__DUPLICATE_METHOD_MATCH = YES;
				COPY_PHASE_STRIP = NO;
				DEBUG_INFORMATION_FORMAT = "dwarf-with-dsym";
				ENABLE_NS_ASSERTIONS = NO;
				ENABLE_STRICT_OBJC_MSGSEND = YES;
				GCC_C_LANGUAGE_STANDARD = gnu11;
				GCC_NO_COMMON_BLOCKS = YES;
				GCC_WARN_64_TO_32_BIT_CONVERSION = YES;
				GCC_WARN_ABOUT_RETURN_TYPE = YES_ERROR;
				GCC_WARN_UNDECLARED_SELECTOR = YES;
				GCC_WARN_UNINITIALIZED_AUTOS = YES_AGGRESSIVE;
				GCC_WARN_UNUSED_FUNCTION = YES;
				GCC_WARN_UNUSED_VARIABLE = YES;
				IPHONEOS_DEPLOYMENT_TARGET = 16.4;
				MTL_ENABLE_DEBUG_INFO = NO;
				MTL_FAST_MATH = YES;
				SDKROOT = iphoneos;
				SWIFT_COMPILATION_MODE = wholemodule;
				SWIFT_OPTIMIZATION_LEVEL = "-O";
				VALIDATE_PRODUCT = YES;
			};
			name = Release;
		};
		E2D6FE812A1D28E0000E6BD9 /* Debug */ = {
			isa = XCBuildConfiguration;
			buildSettings = {
				ASSETCATALOG_COMPILER_APPICON_NAME = AppIcon;
				ASSETCATALOG_COMPILER_GLOBAL_ACCENT_COLOR_NAME = AccentColor;
				CODE_SIGN_STYLE = Automatic;
				CURRENT_PROJECT_VERSION = 1;
				DEVELOPMENT_ASSET_PATHS = "\"Game To be named/Preview Content\"";
				ENABLE_PREVIEWS = YES;
				GENERATE_INFOPLIST_FILE = YES;
				INFOPLIST_KEY_UIApplicationSceneManifest_Generation = YES;
				INFOPLIST_KEY_UIApplicationSupportsIndirectInputEvents = YES;
				INFOPLIST_KEY_UILaunchScreen_Generation = YES;
				INFOPLIST_KEY_UISupportedInterfaceOrientations_iPad = "UIInterfaceOrientationPortrait UIInterfaceOrientationPortraitUpsideDown UIInterfaceOrientationLandscapeLeft UIInterfaceOrientationLandscapeRight";
				INFOPLIST_KEY_UISupportedInterfaceOrientations_iPhone = "UIInterfaceOrientationPortrait UIInterfaceOrientationLandscapeLeft UIInterfaceOrientationLandscapeRight";
				LD_RUNPATH_SEARCH_PATHS = (
					"$(inherited)",
					"@executable_path/Frameworks",
				);
				MARKETING_VERSION = 1.0;
				PRODUCT_BUNDLE_IDENTIFIER = "ROHAN-SACHIN.Game-To-be-named";
				PRODUCT_NAME = "$(TARGET_NAME)";
				SWIFT_EMIT_LOC_STRINGS = YES;
				SWIFT_VERSION = 5.0;
				TARGETED_DEVICE_FAMILY = "1,2";
			};
			name = Debug;
		};
		E2D6FE822A1D28E0000E6BD9 /* Release */ = {
			isa = XCBuildConfiguration;
			buildSettings = {
				ASSETCATALOG_COMPILER_APPICON_NAME = AppIcon;
				ASSETCATALOG_COMPILER_GLOBAL_ACCENT_COLOR_NAME = AccentColor;
				CODE_SIGN_STYLE = Automatic;
				CURRENT_PROJECT_VERSION = 1;
				DEVELOPMENT_ASSET_PATHS = "\"Game To be named/Preview Content\"";
				ENABLE_PREVIEWS = YES;
				GENERATE_INFOPLIST_FILE = YES;
				INFOPLIST_KEY_UIApplicationSceneManifest_Generation = YES;
				INFOPLIST_KEY_UIApplicationSupportsIndirectInputEvents = YES;
				INFOPLIST_KEY_UILaunchScreen_Generation = YES;
				INFOPLIST_KEY_UISupportedInterfaceOrientations_iPad = "UIInterfaceOrientationPortrait UIInterfaceOrientationPortraitUpsideDown UIInterfaceOrientationLandscapeLeft UIInterfaceOrientationLandscapeRight";
				INFOPLIST_KEY_UISupportedInterfaceOrientations_iPhone = "UIInterfaceOrientationPortrait UIInterfaceOrientationLandscapeLeft UIInterfaceOrientationLandscapeRight";
				LD_RUNPATH_SEARCH_PATHS = (
					"$(inherited)",
					"@executable_path/Frameworks",
				);
				MARKETING_VERSION = 1.0;
				PRODUCT_BUNDLE_IDENTIFIER = "ROHAN-SACHIN.Game-To-be-named";
				PRODUCT_NAME = "$(TARGET_NAME)";
				SWIFT_EMIT_LOC_STRINGS = YES;
				SWIFT_VERSION = 5.0;
				TARGETED_DEVICE_FAMILY = "1,2";
			};
			name = Release;
		};
		E2D6FE842A1D28E0000E6BD9 /* Debug */ = {
			isa = XCBuildConfiguration;
			buildSettings = {
				ALWAYS_EMBED_SWIFT_STANDARD_LIBRARIES = YES;
				BUNDLE_LOADER = "$(TEST_HOST)";
				CODE_SIGN_STYLE = Automatic;
				CURRENT_PROJECT_VERSION = 1;
				GENERATE_INFOPLIST_FILE = YES;
				IPHONEOS_DEPLOYMENT_TARGET = 16.4;
				MARKETING_VERSION = 1.0;
				PRODUCT_BUNDLE_IDENTIFIER = "ROHAN-SACHIN.Game-To-be-namedTests";
				PRODUCT_NAME = "$(TARGET_NAME)";
				SWIFT_EMIT_LOC_STRINGS = NO;
				SWIFT_VERSION = 5.0;
				TARGETED_DEVICE_FAMILY = "1,2";
				TEST_HOST = "$(BUILT_PRODUCTS_DIR)/Game To be named.app/$(BUNDLE_EXECUTABLE_FOLDER_PATH)/Game To be named";
			};
			name = Debug;
		};
		E2D6FE852A1D28E0000E6BD9 /* Release */ = {
			isa = XCBuildConfiguration;
			buildSettings = {
				ALWAYS_EMBED_SWIFT_STANDARD_LIBRARIES = YES;
				BUNDLE_LOADER = "$(TEST_HOST)";
				CODE_SIGN_STYLE = Automatic;
				CURRENT_PROJECT_VERSION = 1;
				GENERATE_INFOPLIST_FILE = YES;
				IPHONEOS_DEPLOYMENT_TARGET = 16.4;
				MARKETING_VERSION = 1.0;
				PRODUCT_BUNDLE_IDENTIFIER = "ROHAN-SACHIN.Game-To-be-namedTests";
				PRODUCT_NAME = "$(TARGET_NAME)";
				SWIFT_EMIT_LOC_STRINGS = NO;
				SWIFT_VERSION = 5.0;
				TARGETED_DEVICE_FAMILY = "1,2";
				TEST_HOST = "$(BUILT_PRODUCTS_DIR)/Game To be named.app/$(BUNDLE_EXECUTABLE_FOLDER_PATH)/Game To be named";
			};
			name = Release;
		};
		E2D6FE872A1D28E0000E6BD9 /* Debug */ = {
			isa = XCBuildConfiguration;
			buildSettings = {
				ALWAYS_EMBED_SWIFT_STANDARD_LIBRARIES = YES;
				CODE_SIGN_STYLE = Automatic;
				CURRENT_PROJECT_VERSION = 1;
				GENERATE_INFOPLIST_FILE = YES;
				MARKETING_VERSION = 1.0;
				PRODUCT_BUNDLE_IDENTIFIER = "ROHAN-SACHIN.Game-To-be-namedUITests";
				PRODUCT_NAME = "$(TARGET_NAME)";
				SWIFT_EMIT_LOC_STRINGS = NO;
				SWIFT_VERSION = 5.0;
				TARGETED_DEVICE_FAMILY = "1,2";
				TEST_TARGET_NAME = "Game To be named";
			};
			name = Debug;
		};
		E2D6FE882A1D28E0000E6BD9 /* Release */ = {
			isa = XCBuildConfiguration;
			buildSettings = {
				ALWAYS_EMBED_SWIFT_STANDARD_LIBRARIES = YES;
				CODE_SIGN_STYLE = Automatic;
				CURRENT_PROJECT_VERSION = 1;
				GENERATE_INFOPLIST_FILE = YES;
				MARKETING_VERSION = 1.0;
				PRODUCT_BUNDLE_IDENTIFIER = "ROHAN-SACHIN.Game-To-be-namedUITests";
				PRODUCT_NAME = "$(TARGET_NAME)";
				SWIFT_EMIT_LOC_STRINGS = NO;
				SWIFT_VERSION = 5.0;
				TARGETED_DEVICE_FAMILY = "1,2";
				TEST_TARGET_NAME = "Game To be named";
			};
			name = Release;
		};
/* End XCBuildConfiguration section */

/* Begin XCConfigurationList section */
		E2D6FE572A1D28DF000E6BD9 /* Build configuration list for PBXProject "Game To be named" */ = {
			isa = XCConfigurationList;
			buildConfigurations = (
				E2D6FE7E2A1D28E0000E6BD9 /* Debug */,
				E2D6FE7F2A1D28E0000E6BD9 /* Release */,
			);
			defaultConfigurationIsVisible = 0;
			defaultConfigurationName = Release;
		};
		E2D6FE802A1D28E0000E6BD9 /* Build configuration list for PBXNativeTarget "Game To be named" */ = {
			isa = XCConfigurationList;
			buildConfigurations = (
				E2D6FE812A1D28E0000E6BD9 /* Debug */,
				E2D6FE822A1D28E0000E6BD9 /* Release */,
			);
			defaultConfigurationIsVisible = 0;
			defaultConfigurationName = Release;
		};
		E2D6FE832A1D28E0000E6BD9 /* Build configuration list for PBXNativeTarget "Game To be namedTests" */ = {
			isa = XCConfigurationList;
			buildConfigurations = (
				E2D6FE842A1D28E0000E6BD9 /* Debug */,
				E2D6FE852A1D28E0000E6BD9 /* Release */,
			);
			defaultConfigurationIsVisible = 0;
			defaultConfigurationName = Release;
		};
		E2D6FE862A1D28E0000E6BD9 /* Build configuration list for PBXNativeTarget "Game To be namedUITests" */ = {
			isa = XCConfigurationList;
			buildConfigurations = (
				E2D6FE872A1D28E0000E6BD9 /* Debug */,
				E2D6FE882A1D28E0000E6BD9 /* Release */,
			);
			defaultConfigurationIsVisible = 0;
			defaultConfigurationName = Release;
		};
/* End XCConfigurationList section */
	};
	rootObject = E2D6FE542A1D28DF000E6BD9 /* Project object */;
}
